<?xml version="1.0" encoding="utf-8"?>
<Project ToolsVersion="4.0" xmlns="http://schemas.microsoft.com/developer/msbuild/2003">
  <ItemGroup>
    <Filter Include="Wez">
      <UniqueIdentifier>{7B32880B-E73B-887C-70B7-9E7CDCBF937C}</UniqueIdentifier>
    </Filter>
  </ItemGroup>
  <ItemGroup>
    <ClInclude Include="src\Wez.h" />
    <ClInclude Include="src\Wez\Application.h">
      <Filter>Wez</Filter>
    </ClInclude>
    <ClInclude Include="src\Wez\Core.h">
      <Filter>Wez</Filter>
    </ClInclude>
    <ClInclude Include="src\Wez\EntryPoint.h">
      <Filter>Wez</Filter>
    </ClInclude>
    <ClInclude Include="src\Wez\Log.h">
      <Filter>Wez</Filter>
    </ClInclude>
    <ClInclude Include="src\Wez\Events\ApplicationEvent.h" />
    <ClInclude Include="src\Wez\Events\Event.h" />
    <ClInclude Include="src\Wez\Events\KeyEvent.h" />
    <ClInclude Include="src\Wez\Events\MouseEvent.h" />
  </ItemGroup>
  <ItemGroup>
    <ClCompile Include="src\Wez\Application.cpp">
      <Filter>Wez</Filter>
    </ClCompile>
    <ClCompile Include="src\Wez\Log.cpp">
      <Filter>Wez</Filter>
    </ClCompile>
  </ItemGroup>
</Project>